
Microsoft Visual Studio Solution File, Format Version 12.00
# Visual Studio Version 16
VisualStudioVersion = 16.0.30804.86
MinimumVisualStudioVersion = 10.0.40219.1
Project("{FAE04EC0-301F-11D3-BF4B-00C04F79EFBC}") = "TPLink-IP-Degistirme", "TPLink-IP-Degistirme\TPLink-IP-Degistirme.csproj", "{A713B618-FEED-4E3C-9A1D-B1C8A2D6CF02}"
EndProject
Global
	GlobalSection(SolutionConfigurationPlatforms) = preSolution
		Debug|Any CPU = Debug|Any CPU
		Release|Any CPU = Release|Any CPU
	EndGlobalSection
	GlobalSection(ProjectConfigurationPlatforms) = postSolution
		{A713B618-FEED-4E3C-9A1D-B1C8A2D6CF02}.Debug|Any CPU.ActiveCfg = Debug|Any CPU
		{A713B618-FEED-4E3C-9A1D-B1C8A2D6CF02}.Debug|Any CPU.Build.0 = Debug|Any CPU
		{A713B618-FEED-4E3C-9A1D-B1C8A2D6CF02}.Release|Any CPU.ActiveCfg = Release|Any CPU
		{A713B618-FEED-4E3C-9A1D-B1C8A2D6CF02}.Release|Any CPU.Build.0 = Release|Any CPU
	EndGlobalSection
	GlobalSection(SolutionProperties) = preSolution
		HideSolutionNode = FALSE
	EndGlobalSection
	GlobalSection(ExtensibilityGlobals) = postSolution
		SolutionGuid = {D6A40E23-06AA-46FB-BDA7-BE7E8C8D3B05}
	EndGlobalSection
EndGlobal
